{
  "requires": true,
  "lockfileVersion": 1,
  "dependencies": {
    "@tweenjs/tween.js": {
      "version": "18.5.0",
      "resolved": "https://registry.npmjs.org/@tweenjs/tween.js/-/tween.js-18.5.0.tgz",
      "integrity": "sha512-/qyhdvbc6vWsFuiK7Wq74ZMu1F/9sFRlBv2qnjeu70XI0HRC8zOfUqbXT2irVLCSVuCI/fI7HphGdbsbyQ/Q5w=="
    },
    "midori-bg": {
      "version": "0.5.6",
      "resolved": "https://registry.npmjs.org/midori-bg/-/midori-bg-0.5.6.tgz",
      "integrity": "sha512-wZWhE2vRVdpT/2jgSurVn+5rgWrCyexmRp5MJn8Ghkqi9EXp+jUVdPMLUT+m1ZF35UOij9F1SE7f5I32IGj4uA==",
      "requires": {
        "@tweenjs/tween.js": "18.5.0",
        "three": "0.114.0"
      }
    },
    "three": {
      "version": "0.114.0",
      "resolved": "https://registry.npmjs.org/three/-/three-0.114.0.tgz",
      "integrity": "sha512-3av45FxJeqYm7Rl02dfGBoqTaf2a934oUB4zMNrN8xjmASoSGeeykYoAr35+UntTdJDY/STw6CY3KuXFBWETig=="
    }
  }
}
